
Microsoft Visual Studio Solution File, Format Version 12.00
# Visual Studio Version 16
VisualStudioVersion = 16.0.29418.71
MinimumVisualStudioVersion = 10.0.40219.1
Project("{FAE04EC0-301F-11D3-BF4B-00C04F79EFBC}") = "TrueDelivery.Api", "TrueDelivery.Api\TrueDelivery.Api.csproj", "{79D0DB68-638E-4248-A957-E5FEA84DC0BB}"
EndProject
Project("{FAE04EC0-301F-11D3-BF4B-00C04F79EFBC}") = "TrueDelivery.DataAccess", "..\..\..\Desktop\TrueDetect\TrueDetect.DataAccess\TrueDelivery.DataAccess.csproj", "{E6BF0D19-06F9-47E2-BC2A-9E16281EBA29}"
EndProject
Global
	GlobalSection(SolutionConfigurationPlatforms) = preSolution
		Debug|Any CPU = Debug|Any CPU
		Release|Any CPU = Release|Any CPU
	EndGlobalSection
	GlobalSection(ProjectConfigurationPlatforms) = postSolution
		{79D0DB68-638E-4248-A957-E5FEA84DC0BB}.Debug|Any CPU.ActiveCfg = Debug|Any CPU
		{79D0DB68-638E-4248-A957-E5FEA84DC0BB}.Debug|Any CPU.Build.0 = Debug|Any CPU
		{79D0DB68-638E-4248-A957-E5FEA84DC0BB}.Release|Any CPU.ActiveCfg = Release|Any CPU
		{79D0DB68-638E-4248-A957-E5FEA84DC0BB}.Release|Any CPU.Build.0 = Release|Any CPU
		{E6BF0D19-06F9-47E2-BC2A-9E16281EBA29}.Debug|Any CPU.ActiveCfg = Debug|Any CPU
		{E6BF0D19-06F9-47E2-BC2A-9E16281EBA29}.Debug|Any CPU.Build.0 = Debug|Any CPU
		{E6BF0D19-06F9-47E2-BC2A-9E16281EBA29}.Release|Any CPU.ActiveCfg = Release|Any CPU
		{E6BF0D19-06F9-47E2-BC2A-9E16281EBA29}.Release|Any CPU.Build.0 = Release|Any CPU
	EndGlobalSection
	GlobalSection(SolutionProperties) = preSolution
		HideSolutionNode = FALSE
	EndGlobalSection
	GlobalSection(ExtensibilityGlobals) = postSolution
		SolutionGuid = {D8908E91-0F8D-4C15-AAB2-7A16BB0882FC}
	EndGlobalSection
EndGlobal
